{
  "version": 4,
  "terraform_version": "1.7.5",
  "serial": 84,
  "lineage": "02d30b53-1d6c-f67a-b8d5-ff5c5b7dd7a2",
  "outputs": {
    "pipeline_arn": {
      "value": "arn:aws:imagebuilder:ap-south-1:229475224571:image-pipeline/golden-ami-pipeline-20260417091902",
      "type": "string"
    }
  },
  "resources": [
    {
      "mode": "data",
      "type": "aws_ami",
      "name": "windows",
      "provider": "provider[\"registry.terraform.io/hashicorp/aws\"]",
      "instances": [
        {
          "schema_version": 0,
          "attributes": {
            "architecture": "x86_64",
            "arn": "arn:aws:ec2:ap-south-1::image/ami-0a01a76945855bcb2",
            "block_device_mappings": [
              {
                "device_name": "/dev/sda1",
                "ebs": {
                  "delete_on_termination": "true",
                  "encrypted": "false",
                  "iops": "0",
                  "snapshot_id": "snap-0fbdf1fd36cf81c17",
                  "throughput": "0",
                  "volume_initialization_rate": "0",
                  "volume_size": "30",
                  "volume_type": "gp2"
                },
                "no_device": "",
                "virtual_name": ""
              },
              {
                "device_name": "xvdca",
                "ebs": {},
                "no_device": "",
                "virtual_name": "ephemeral0"
              },
              {
                "device_name": "xvdcb",
                "ebs": {},
                "no_device": "",
                "virtual_name": "ephemeral1"
              },
              {
                "device_name": "xvdcc",
                "ebs": {},
                "no_device": "",
                "virtual_name": "ephemeral2"
              },
              {
                "device_name": "xvdcd",
                "ebs": {},
                "no_device": "",
                "virtual_name": "ephemeral3"
              },
              {
                "device_name": "xvdce",
                "ebs": {},
                "no_device": "",
                "virtual_name": "ephemeral4"
              },
              {
                "device_name": "xvdcf",
                "ebs": {},
                "no_device": "",
                "virtual_name": "ephemeral5"
              },
              {
                "device_name": "xvdcg",
                "ebs": {},
                "no_device": "",
                "virtual_name": "ephemeral6"
              },
              {
                "device_name": "xvdch",
                "ebs": {},
                "no_device": "",
                "virtual_name": "ephemeral7"
              },
              {
                "device_name": "xvdci",
                "ebs": {},
                "no_device": "",
                "virtual_name": "ephemeral8"
              },
              {
                "device_name": "xvdcj",
                "ebs": {},
                "no_device": "",
                "virtual_name": "ephemeral9"
              },
              {
                "device_name": "xvdck",
                "ebs": {},
                "no_device": "",
                "virtual_name": "ephemeral10"
              },
              {
                "device_name": "xvdcl",
                "ebs": {},
                "no_device": "",
                "virtual_name": "ephemeral11"
              },
              {
                "device_name": "xvdcm",
                "ebs": {},
                "no_device": "",
                "virtual_name": "ephemeral12"
              },
              {
                "device_name": "xvdcn",
                "ebs": {},
                "no_device": "",
                "virtual_name": "ephemeral13"
              },
              {
                "device_name": "xvdco",
                "ebs": {},
                "no_device": "",
                "virtual_name": "ephemeral14"
              },
              {
                "device_name": "xvdcp",
                "ebs": {},
                "no_device": "",
                "virtual_name": "ephemeral15"
              },
              {
                "device_name": "xvdcq",
                "ebs": {},
                "no_device": "",
                "virtual_name": "ephemeral16"
              },
              {
                "device_name": "xvdcr",
                "ebs": {},
                "no_device": "",
                "virtual_name": "ephemeral17"
              },
              {
                "device_name": "xvdcs",
                "ebs": {},
                "no_device": "",
                "virtual_name": "ephemeral18"
              },
              {
                "device_name": "xvdct",
                "ebs": {},
                "no_device": "",
                "virtual_name": "ephemeral19"
              },
              {
                "device_name": "xvdcu",
                "ebs": {},
                "no_device": "",
                "virtual_name": "ephemeral20"
              },
              {
                "device_name": "xvdcv",
                "ebs": {},
                "no_device": "",
                "virtual_name": "ephemeral21"
              },
              {
                "device_name": "xvdcw",
                "ebs": {},
                "no_device": "",
                "virtual_name": "ephemeral22"
              },
              {
                "device_name": "xvdcx",
                "ebs": {},
                "no_device": "",
                "virtual_name": "ephemeral23"
              },
              {
                "device_name": "xvdcy",
                "ebs": {},
                "no_device": "",
                "virtual_name": "ephemeral24"
              },
              {
                "device_name": "xvdcz",
                "ebs": {},
                "no_device": "",
                "virtual_name": "ephemeral25"
              }
            ],
            "boot_mode": "",
            "creation_date": "2026-03-12T06:02:02.000Z",
            "deprecation_time": "2028-03-12T06:02:02.000Z",
            "description": "Microsoft Windows Server 2019 with Desktop Experience Locale English AMI provided by Amazon",
            "ena_support": true,
            "executable_users": null,
            "filter": [
              {
                "name": "name",
                "values": [
                  "Windows_Server-2019-English-Full-Base-*"
                ]
              }
            ],
            "hypervisor": "xen",
            "id": "ami-0a01a76945855bcb2",
            "image_id": "ami-0a01a76945855bcb2",
            "image_location": "amazon/Windows_Server-2019-English-Full-Base-2026.03.11",
            "image_owner_alias": "amazon",
            "image_type": "machine",
            "imds_support": "",
            "include_deprecated": false,
            "kernel_id": "",
            "last_launched_time": "",
            "most_recent": true,
            "name": "Windows_Server-2019-English-Full-Base-2026.03.11",
            "name_regex": null,
            "owner_id": "801119661308",
            "owners": [
              "amazon"
            ],
            "platform": "windows",
            "platform_details": "Windows",
            "product_codes": [],
            "public": true,
            "ramdisk_id": "",
            "root_device_name": "/dev/sda1",
            "root_device_type": "ebs",
            "root_snapshot_id": "snap-0fbdf1fd36cf81c17",
            "sriov_net_support": "simple",
            "state": "available",
            "state_reason": {
              "code": "UNSET",
              "message": "UNSET"
            },
            "tags": {},
            "timeouts": null,
            "tpm_support": "",
            "uefi_data": null,
            "usage_operation": "RunInstances:0002",
            "virtualization_type": "hvm"
          },
          "sensitive_attributes": []
        }
      ]
    },
    {
      "mode": "data",
      "type": "aws_region",
      "name": "current",
      "provider": "provider[\"registry.terraform.io/hashicorp/aws\"]",
      "instances": [
        {
          "schema_version": 0,
          "attributes": {
            "description": "Asia Pacific (Mumbai)",
            "endpoint": "ec2.ap-south-1.amazonaws.com",
            "id": "ap-south-1",
            "name": "ap-south-1"
          },
          "sensitive_attributes": []
        }
      ]
    },
    {
      "mode": "data",
      "type": "aws_security_group",
      "name": "default",
      "provider": "provider[\"registry.terraform.io/hashicorp/aws\"]",
      "instances": [
        {
          "schema_version": 0,
          "attributes": {
            "arn": "arn:aws:ec2:ap-south-1:229475224571:security-group/sg-03b098284d88916ce",
            "description": "default VPC security group",
            "filter": null,
            "id": "sg-03b098284d88916ce",
            "name": "default",
            "tags": {},
            "timeouts": null,
            "vpc_id": "vpc-00c8b1761bfb7ffc0"
          },
          "sensitive_attributes": []
        }
      ]
    },
    {
      "mode": "data",
      "type": "aws_subnets",
      "name": "default",
      "provider": "provider[\"registry.terraform.io/hashicorp/aws\"]",
      "instances": [
        {
          "schema_version": 0,
          "attributes": {
            "filter": [
              {
                "name": "vpc-id",
                "values": [
                  "vpc-00c8b1761bfb7ffc0"
                ]
              }
            ],
            "id": "ap-south-1",
            "ids": [
              "subnet-00dde196e3d3d0e8d",
              "subnet-07722a7f7389230c4",
              "subnet-05b62beb10eedd2d9"
            ],
            "tags": null,
            "timeouts": null
          },
          "sensitive_attributes": []
        }
      ]
    },
    {
      "mode": "data",
      "type": "aws_vpc",
      "name": "default",
      "provider": "provider[\"registry.terraform.io/hashicorp/aws\"]",
      "instances": [
        {
          "schema_version": 0,
          "attributes": {
            "arn": "arn:aws:ec2:ap-south-1:229475224571:vpc/vpc-00c8b1761bfb7ffc0",
            "cidr_block": "172.31.0.0/16",
            "cidr_block_associations": [
              {
                "association_id": "vpc-cidr-assoc-06ac4c869713cdfe3",
                "cidr_block": "172.31.0.0/16",
                "state": "associated"
              }
            ],
            "default": true,
            "dhcp_options_id": "dopt-0a5bca1ac39d7319c",
            "enable_dns_hostnames": true,
            "enable_dns_support": true,
            "enable_network_address_usage_metrics": false,
            "filter": null,
            "id": "vpc-00c8b1761bfb7ffc0",
            "instance_tenancy": "default",
            "ipv6_association_id": "",
            "ipv6_cidr_block": "",
            "main_route_table_id": "rtb-0c15b7a84371faa3f",
            "owner_id": "229475224571",
            "state": null,
            "tags": {},
            "timeouts": null
          },
          "sensitive_attributes": []
        }
      ]
    },
    {
      "mode": "managed",
      "type": "aws_iam_instance_profile",
      "name": "this",
      "provider": "provider[\"registry.terraform.io/hashicorp/aws\"]",
      "instances": [
        {
          "schema_version": 0,
          "attributes": {
            "arn": "arn:aws:iam::229475224571:instance-profile/image-builder-profile",
            "create_date": "2026-04-17T07:44:33Z",
            "id": "image-builder-profile",
            "name": "image-builder-profile",
            "name_prefix": "",
            "path": "/",
            "role": "image-builder-role",
            "tags": {},
            "tags_all": {},
            "unique_id": "AIPATK3OKBP5VL32LQCHE"
          },
          "sensitive_attributes": [],
          "private": "bnVsbA==",
          "dependencies": [
            "aws_iam_role.this"
          ]
        }
      ]
    },
    {
      "mode": "managed",
      "type": "aws_iam_role",
      "name": "this",
      "provider": "provider[\"registry.terraform.io/hashicorp/aws\"]",
      "instances": [
        {
          "schema_version": 0,
          "attributes": {
            "arn": "arn:aws:iam::229475224571:role/image-builder-role",
            "assume_role_policy": "{\"Statement\":[{\"Action\":\"sts:AssumeRole\",\"Effect\":\"Allow\",\"Principal\":{\"Service\":\"ec2.amazonaws.com\"}}],\"Version\":\"2012-10-17\"}",
            "create_date": "2026-04-17T07:44:31Z",
            "description": "",
            "force_detach_policies": false,
            "id": "image-builder-role",
            "inline_policy": [
              {
                "name": "image-builder-s3-write",
                "policy": "{\"Version\":\"2012-10-17\",\"Statement\":[{\"Action\":[\"s3:PutObject\",\"s3:GetObject\",\"s3:ListBucket\"],\"Effect\":\"Allow\",\"Resource\":[\"arn:aws:s3:::image-builder-logs-65e84b6f\",\"arn:aws:s3:::image-builder-logs-65e84b6f/*\"]}]}"
              }
            ],
            "managed_policy_arns": [
              "arn:aws:iam::aws:policy/AmazonS3ReadOnlyAccess",
              "arn:aws:iam::aws:policy/AmazonSSMManagedInstanceCore",
              "arn:aws:iam::aws:policy/EC2InstanceProfileForImageBuilder"
            ],
            "max_session_duration": 3600,
            "name": "image-builder-role",
            "name_prefix": "",
            "path": "/",
            "permissions_boundary": "",
            "tags": {},
            "tags_all": {},
            "unique_id": "AROATK3OKBP5RSH6AN5TL"
          },
          "sensitive_attributes": [],
          "private": "bnVsbA=="
        }
      ]
    },
    {
      "mode": "managed",
      "type": "aws_iam_role_policy",
      "name": "s3_write",
      "provider": "provider[\"registry.terraform.io/hashicorp/aws\"]",
      "instances": [
        {
          "schema_version": 0,
          "attributes": {
            "id": "image-builder-role:image-builder-s3-write",
            "name": "image-builder-s3-write",
            "name_prefix": "",
            "policy": "{\"Version\":\"2012-10-17\",\"Statement\":[{\"Action\":[\"s3:PutObject\",\"s3:GetObject\",\"s3:ListBucket\"],\"Effect\":\"Allow\",\"Resource\":[\"arn:aws:s3:::image-builder-logs-65e84b6f\",\"arn:aws:s3:::image-builder-logs-65e84b6f/*\"]}]}",
            "role": "image-builder-role"
          },
          "sensitive_attributes": [],
          "private": "bnVsbA==",
          "dependencies": [
            "aws_iam_role.this",
            "aws_s3_bucket.logs",
            "random_id.bucket"
          ]
        }
      ]
    },
    {
      "mode": "managed",
      "type": "aws_iam_role_policy_attachment",
      "name": "policies",
      "provider": "provider[\"registry.terraform.io/hashicorp/aws\"]",
      "instances": [
        {
          "index_key": "arn:aws:iam::aws:policy/AmazonS3ReadOnlyAccess",
          "schema_version": 0,
          "attributes": {
            "id": "image-builder-role-20260417074432988600000008",
            "policy_arn": "arn:aws:iam::aws:policy/AmazonS3ReadOnlyAccess",
            "role": "image-builder-role"
          },
          "sensitive_attributes": [],
          "private": "bnVsbA==",
          "dependencies": [
            "aws_iam_role.this"
          ]
        },
        {
          "index_key": "arn:aws:iam::aws:policy/AmazonSSMManagedInstanceCore",
          "schema_version": 0,
          "attributes": {
            "id": "image-builder-role-20260417074432504000000007",
            "policy_arn": "arn:aws:iam::aws:policy/AmazonSSMManagedInstanceCore",
            "role": "image-builder-role"
          },
          "sensitive_attributes": [],
          "private": "bnVsbA==",
          "dependencies": [
            "aws_iam_role.this"
          ]
        },
        {
          "index_key": "arn:aws:iam::aws:policy/EC2InstanceProfileForImageBuilder",
          "schema_version": 0,
          "attributes": {
            "id": "image-builder-role-20260417074433317400000009",
            "policy_arn": "arn:aws:iam::aws:policy/EC2InstanceProfileForImageBuilder",
            "role": "image-builder-role"
          },
          "sensitive_attributes": [],
          "private": "bnVsbA==",
          "dependencies": [
            "aws_iam_role.this"
          ]
        }
      ]
    },
    {
      "mode": "managed",
      "type": "aws_imagebuilder_component",
      "name": "dotnet",
      "provider": "provider[\"registry.terraform.io/hashicorp/aws\"]",
      "instances": [
        {
          "schema_version": 0,
          "attributes": {
            "arn": "arn:aws:imagebuilder:ap-south-1:229475224571:component/install-dotnet-20260417091902/1.0.0/1",
            "change_description": "",
            "data": "name: DotNet\nschemaVersion: 1.0\nphases:\n  - name: build\n    steps:\n      - name: InstallDotNet\n        action: ExecutePowerShell\n        inputs:\n          commands:\n            - choco install dotnet-8.0-runtime -y\n",
            "date_created": "2026-04-17T09:19:06.799Z",
            "description": "",
            "encrypted": true,
            "id": "arn:aws:imagebuilder:ap-south-1:229475224571:component/install-dotnet-20260417091902/1.0.0/1",
            "kms_key_id": "",
            "name": "install-dotnet-20260417091902",
            "owner": "229475224571",
            "platform": "Windows",
            "skip_destroy": false,
            "supported_os_versions": null,
            "tags": null,
            "tags_all": {},
            "type": "BUILD",
            "uri": null,
            "version": "1.0.0"
          },
          "sensitive_attributes": [],
          "private": "bnVsbA=="
        }
      ]
    },
    {
      "mode": "managed",
      "type": "aws_imagebuilder_component",
      "name": "hardening",
      "provider": "provider[\"registry.terraform.io/hashicorp/aws\"]",
      "instances": [
        {
          "schema_version": 0,
          "attributes": {
            "arn": "arn:aws:imagebuilder:ap-south-1:229475224571:component/hardening-20260417091902/1.0.0/1",
            "change_description": "",
            "data": "name: Hardening\nschemaVersion: 1.0\nphases:\n  - name: build\n    steps:\n      - name: Harden\n        action: ExecutePowerShell\n        inputs:\n          commands:\n            - Set-ExecutionPolicy RemoteSigned -Force\n",
            "date_created": "2026-04-17T09:19:07.753Z",
            "description": "",
            "encrypted": true,
            "id": "arn:aws:imagebuilder:ap-south-1:229475224571:component/hardening-20260417091902/1.0.0/1",
            "kms_key_id": "",
            "name": "hardening-20260417091902",
            "owner": "229475224571",
            "platform": "Windows",
            "skip_destroy": false,
            "supported_os_versions": null,
            "tags": null,
            "tags_all": {},
            "type": "BUILD",
            "uri": null,
            "version": "1.0.0"
          },
          "sensitive_attributes": [],
          "private": "bnVsbA=="
        }
      ]
    },
    {
      "mode": "managed",
      "type": "aws_imagebuilder_component",
      "name": "iis",
      "provider": "provider[\"registry.terraform.io/hashicorp/aws\"]",
      "instances": [
        {
          "schema_version": 0,
          "attributes": {
            "arn": "arn:aws:imagebuilder:ap-south-1:229475224571:component/install-iis-20260417091902/1.0.0/1",
            "change_description": "",
            "data": "name: IIS\nschemaVersion: 1.0\nphases:\n  - name: build\n    steps:\n      - name: InstallIIS\n        action: ExecutePowerShell\n        inputs:\n          commands:\n            - Install-WindowsFeature Web-Server\n",
            "date_created": "2026-04-17T09:19:06.822Z",
            "description": "",
            "encrypted": true,
            "id": "arn:aws:imagebuilder:ap-south-1:229475224571:component/install-iis-20260417091902/1.0.0/1",
            "kms_key_id": "",
            "name": "install-iis-20260417091902",
            "owner": "229475224571",
            "platform": "Windows",
            "skip_destroy": false,
            "supported_os_versions": null,
            "tags": null,
            "tags_all": {},
            "type": "BUILD",
            "uri": null,
            "version": "1.0.0"
          },
          "sensitive_attributes": [],
          "private": "bnVsbA=="
        }
      ]
    },
    {
      "mode": "managed",
      "type": "aws_imagebuilder_component",
      "name": "patch",
      "provider": "provider[\"registry.terraform.io/hashicorp/aws\"]",
      "instances": [
        {
          "schema_version": 0,
          "attributes": {
            "arn": "arn:aws:imagebuilder:ap-south-1:229475224571:component/patching-20260417091902/1.0.0/1",
            "change_description": "",
            "data": "name: Patch\nschemaVersion: 1.0\nphases:\n  - name: build\n    steps:\n      - name: Update\n        action: ExecutePowerShell\n        inputs:\n          commands:\n            - Install-WindowsUpdate -AcceptAll -AutoReboot\n",
            "date_created": "2026-04-17T09:19:06.592Z",
            "description": "",
            "encrypted": true,
            "id": "arn:aws:imagebuilder:ap-south-1:229475224571:component/patching-20260417091902/1.0.0/1",
            "kms_key_id": "",
            "name": "patching-20260417091902",
            "owner": "229475224571",
            "platform": "Windows",
            "skip_destroy": false,
            "supported_os_versions": null,
            "tags": null,
            "tags_all": {},
            "type": "BUILD",
            "uri": null,
            "version": "1.0.0"
          },
          "sensitive_attributes": [],
          "private": "bnVsbA=="
        }
      ]
    },
    {
      "mode": "managed",
      "type": "aws_imagebuilder_component",
      "name": "validate",
      "provider": "provider[\"registry.terraform.io/hashicorp/aws\"]",
      "instances": [
        {
          "schema_version": 0,
          "attributes": {
            "arn": "arn:aws:imagebuilder:ap-south-1:229475224571:component/validate-20260417091902/1.0.0/1",
            "change_description": "",
            "data": "name: Validate\nschemaVersion: 1.0\nphases:\n  - name: test\n    steps:\n      - name: CheckIIS\n        action: ExecutePowerShell\n        inputs:\n          commands:\n            - Get-WindowsFeature Web-Server\n            - dotnet --info\n",
            "date_created": "2026-04-17T09:19:06.836Z",
            "description": "",
            "encrypted": true,
            "id": "arn:aws:imagebuilder:ap-south-1:229475224571:component/validate-20260417091902/1.0.0/1",
            "kms_key_id": "",
            "name": "validate-20260417091902",
            "owner": "229475224571",
            "platform": "Windows",
            "skip_destroy": false,
            "supported_os_versions": null,
            "tags": null,
            "tags_all": {},
            "type": "TEST",
            "uri": null,
            "version": "1.0.0"
          },
          "sensitive_attributes": [],
          "private": "bnVsbA=="
        }
      ]
    },
    {
      "mode": "managed",
      "type": "aws_imagebuilder_distribution_configuration",
      "name": "this",
      "provider": "provider[\"registry.terraform.io/hashicorp/aws\"]",
      "instances": [
        {
          "schema_version": 0,
          "attributes": {
            "arn": "arn:aws:imagebuilder:ap-south-1:229475224571:distribution-configuration/golden-ami-dist-20260417091902",
            "date_created": "2026-04-17T09:19:05.221Z",
            "date_updated": "",
            "description": "",
            "distribution": [
              {
                "ami_distribution_configuration": [
                  {
                    "ami_tags": null,
                    "description": "",
                    "kms_key_id": "arn:aws:kms:ap-south-1:229475224571:key/563a33ba-b976-43d5-9c7e-47c7f239409d",
                    "launch_permission": [],
                    "name": "golden-ami-{{ imagebuilder:buildDate }}",
                    "target_account_ids": []
                  }
                ],
                "container_distribution_configuration": [],
                "fast_launch_configuration": [],
                "launch_template_configuration": [],
                "license_configuration_arns": [],
                "region": "ap-south-1",
                "s3_export_configuration": [],
                "ssm_parameter_configuration": []
              }
            ],
            "id": "arn:aws:imagebuilder:ap-south-1:229475224571:distribution-configuration/golden-ami-dist-20260417091902",
            "name": "golden-ami-dist-20260417091902",
            "tags": null,
            "tags_all": {}
          },
          "sensitive_attributes": [],
          "private": "bnVsbA==",
          "dependencies": [
            "aws_kms_key.ami",
            "data.aws_region.current"
          ]
        }
      ]
    },
    {
      "mode": "managed",
      "type": "aws_imagebuilder_image_pipeline",
      "name": "this",
      "provider": "provider[\"registry.terraform.io/hashicorp/aws\"]",
      "instances": [
        {
          "schema_version": 0,
          "attributes": {
            "arn": "arn:aws:imagebuilder:ap-south-1:229475224571:image-pipeline/golden-ami-pipeline-20260417091902",
            "container_recipe_arn": "",
            "date_created": "2026-04-17T09:19:10.828Z",
            "date_last_run": "",
            "date_next_run": "",
            "date_updated": "2026-04-17T09:19:10.828Z",
            "description": "",
            "distribution_configuration_arn": "arn:aws:imagebuilder:ap-south-1:229475224571:distribution-configuration/golden-ami-dist-20260417091902",
            "enhanced_image_metadata_enabled": true,
            "execution_role": "",
            "id": "arn:aws:imagebuilder:ap-south-1:229475224571:image-pipeline/golden-ami-pipeline-20260417091902",
            "image_recipe_arn": "arn:aws:imagebuilder:ap-south-1:229475224571:image-recipe/golden-ami-recipe-20260417091902/1.0.0",
            "image_scanning_configuration": [],
            "image_tests_configuration": [
              {
                "image_tests_enabled": true,
                "timeout_minutes": 720
              }
            ],
            "infrastructure_configuration_arn": "arn:aws:imagebuilder:ap-south-1:229475224571:infrastructure-configuration/golden-ami-infra-20260417091902",
            "name": "golden-ami-pipeline-20260417091902",
            "platform": "Windows",
            "schedule": [],
            "status": "ENABLED",
            "tags": null,
            "tags_all": {},
            "workflow": []
          },
          "sensitive_attributes": [],
          "private": "bnVsbA==",
          "dependencies": [
            "aws_iam_instance_profile.this",
            "aws_iam_role.this",
            "aws_imagebuilder_component.dotnet",
            "aws_imagebuilder_component.hardening",
            "aws_imagebuilder_component.iis",
            "aws_imagebuilder_component.patch",
            "aws_imagebuilder_component.validate",
            "aws_imagebuilder_distribution_configuration.this",
            "aws_imagebuilder_image_recipe.this",
            "aws_imagebuilder_infrastructure_configuration.this",
            "aws_kms_key.ami",
            "aws_s3_bucket.logs",
            "data.aws_ami.windows",
            "data.aws_region.current",
            "data.aws_security_group.default",
            "data.aws_subnets.default",
            "data.aws_vpc.default",
            "random_id.bucket"
          ]
        }
      ]
    },
    {
      "mode": "managed",
      "type": "aws_imagebuilder_image_recipe",
      "name": "this",
      "provider": "provider[\"registry.terraform.io/hashicorp/aws\"]",
      "instances": [
        {
          "schema_version": 0,
          "attributes": {
            "arn": "arn:aws:imagebuilder:ap-south-1:229475224571:image-recipe/golden-ami-recipe-20260417091902/1.0.0",
            "block_device_mapping": [
              {
                "device_name": "/dev/sda1",
                "ebs": [
                  {
                    "delete_on_termination": "true",
                    "encrypted": "true",
                    "iops": 0,
                    "kms_key_id": "arn:aws:kms:ap-south-1:229475224571:key/563a33ba-b976-43d5-9c7e-47c7f239409d",
                    "snapshot_id": "",
                    "throughput": 0,
                    "volume_size": 30,
                    "volume_type": "gp3"
                  }
                ],
                "no_device": false,
                "virtual_name": ""
              }
            ],
            "component": [
              {
                "component_arn": "arn:aws:imagebuilder:ap-south-1:229475224571:component/install-iis-20260417091902/1.0.0/1",
                "parameter": []
              },
              {
                "component_arn": "arn:aws:imagebuilder:ap-south-1:229475224571:component/install-dotnet-20260417091902/1.0.0/1",
                "parameter": []
              },
              {
                "component_arn": "arn:aws:imagebuilder:ap-south-1:229475224571:component/hardening-20260417091902/1.0.0/1",
                "parameter": []
              },
              {
                "component_arn": "arn:aws:imagebuilder:ap-south-1:229475224571:component/patching-20260417091902/1.0.0/1",
                "parameter": []
              },
              {
                "component_arn": "arn:aws:imagebuilder:ap-south-1:229475224571:component/validate-20260417091902/1.0.0/1",
                "parameter": []
              }
            ],
            "date_created": "2026-04-17T09:19:09.754Z",
            "description": "",
            "id": "arn:aws:imagebuilder:ap-south-1:229475224571:image-recipe/golden-ami-recipe-20260417091902/1.0.0",
            "name": "golden-ami-recipe-20260417091902",
            "owner": "229475224571",
            "parent_image": "ami-0a01a76945855bcb2",
            "platform": "Windows",
            "systems_manager_agent": null,
            "tags": null,
            "tags_all": {},
            "user_data_base64": null,
            "version": "1.0.0",
            "working_directory": ""
          },
          "sensitive_attributes": [],
          "private": "bnVsbA==",
          "dependencies": [
            "aws_imagebuilder_component.dotnet",
            "aws_imagebuilder_component.hardening",
            "aws_imagebuilder_component.iis",
            "aws_imagebuilder_component.patch",
            "aws_imagebuilder_component.validate",
            "aws_kms_key.ami",
            "data.aws_ami.windows"
          ]
        }
      ]
    },
    {
      "mode": "managed",
      "type": "aws_imagebuilder_infrastructure_configuration",
      "name": "this",
      "provider": "provider[\"registry.terraform.io/hashicorp/aws\"]",
      "instances": [
        {
          "schema_version": 0,
          "attributes": {
            "arn": "arn:aws:imagebuilder:ap-south-1:229475224571:infrastructure-configuration/golden-ami-infra-20260417091902",
            "date_created": "2026-04-17T09:19:05.141Z",
            "date_updated": "",
            "description": "",
            "id": "arn:aws:imagebuilder:ap-south-1:229475224571:infrastructure-configuration/golden-ami-infra-20260417091902",
            "instance_metadata_options": [],
            "instance_profile_name": "image-builder-profile",
            "instance_types": [
              "t3.medium"
            ],
            "key_pair": "",
            "logging": [
              {
                "s3_logs": [
                  {
                    "s3_bucket_name": "image-builder-logs-65e84b6f",
                    "s3_key_prefix": "/"
                  }
                ]
              }
            ],
            "name": "golden-ami-infra-20260417091902",
            "placement": [],
            "resource_tags": null,
            "security_group_ids": [
              "sg-03b098284d88916ce"
            ],
            "sns_topic_arn": "",
            "subnet_id": "subnet-00dde196e3d3d0e8d",
            "tags": null,
            "tags_all": {},
            "terminate_instance_on_failure": true
          },
          "sensitive_attributes": [],
          "private": "bnVsbA==",
          "dependencies": [
            "aws_iam_instance_profile.this",
            "aws_iam_role.this",
            "aws_s3_bucket.logs",
            "data.aws_security_group.default",
            "data.aws_subnets.default",
            "data.aws_vpc.default",
            "random_id.bucket"
          ]
        }
      ]
    },
    {
      "mode": "managed",
      "type": "aws_kms_alias",
      "name": "ami_alias",
      "provider": "provider[\"registry.terraform.io/hashicorp/aws\"]",
      "instances": [
        {
          "schema_version": 0,
          "attributes": {
            "arn": "arn:aws:kms:ap-south-1:229475224571:alias/golden-ami",
            "id": "alias/golden-ami",
            "name": "alias/golden-ami",
            "name_prefix": "",
            "target_key_arn": "arn:aws:kms:ap-south-1:229475224571:key/563a33ba-b976-43d5-9c7e-47c7f239409d",
            "target_key_id": "563a33ba-b976-43d5-9c7e-47c7f239409d"
          },
          "sensitive_attributes": [],
          "private": "bnVsbA==",
          "dependencies": [
            "aws_kms_key.ami"
          ]
        }
      ]
    },
    {
      "mode": "managed",
      "type": "aws_kms_key",
      "name": "ami",
      "provider": "provider[\"registry.terraform.io/hashicorp/aws\"]",
      "instances": [
        {
          "schema_version": 0,
          "attributes": {
            "arn": "arn:aws:kms:ap-south-1:229475224571:key/563a33ba-b976-43d5-9c7e-47c7f239409d",
            "bypass_policy_lockout_safety_check": false,
            "custom_key_store_id": "",
            "customer_master_key_spec": "SYMMETRIC_DEFAULT",
            "deletion_window_in_days": 7,
            "description": "KMS key for AMI encryption",
            "enable_key_rotation": false,
            "id": "563a33ba-b976-43d5-9c7e-47c7f239409d",
            "is_enabled": true,
            "key_id": "563a33ba-b976-43d5-9c7e-47c7f239409d",
            "key_usage": "ENCRYPT_DECRYPT",
            "multi_region": false,
            "policy": "{\"Id\":\"key-default-1\",\"Statement\":[{\"Action\":\"kms:*\",\"Effect\":\"Allow\",\"Principal\":{\"AWS\":\"arn:aws:iam::229475224571:root\"},\"Resource\":\"*\",\"Sid\":\"Enable IAM User Permissions\"}],\"Version\":\"2012-10-17\"}",
            "rotation_period_in_days": 0,
            "tags": {},
            "tags_all": {},
            "timeouts": null,
            "xks_key_id": ""
          },
          "sensitive_attributes": [],
          "private": "eyJlMmJmYjczMC1lY2FhLTExZTYtOGY4OC0zNDM2M2JjN2M0YzAiOnsiY3JlYXRlIjoxMjAwMDAwMDAwMDB9fQ=="
        }
      ]
    },
    {
      "mode": "managed",
      "type": "aws_s3_bucket",
      "name": "logs",
      "provider": "provider[\"registry.terraform.io/hashicorp/aws\"]",
      "instances": [
        {
          "schema_version": 0,
          "attributes": {
            "acceleration_status": "",
            "acl": null,
            "arn": "arn:aws:s3:::image-builder-logs-65e84b6f",
            "bucket": "image-builder-logs-65e84b6f",
            "bucket_domain_name": "image-builder-logs-65e84b6f.s3.amazonaws.com",
            "bucket_prefix": "",
            "bucket_regional_domain_name": "image-builder-logs-65e84b6f.s3.ap-south-1.amazonaws.com",
            "cors_rule": [],
            "force_destroy": false,
            "grant": [
              {
                "id": "1bff8e6b93135e6e9b64ae5debcd83c90cc6a3537bd99223de5e17f74dd3b1b9",
                "permissions": [
                  "FULL_CONTROL"
                ],
                "type": "CanonicalUser",
                "uri": ""
              }
            ],
            "hosted_zone_id": "Z11RGJOFQNVJUP",
            "id": "image-builder-logs-65e84b6f",
            "lifecycle_rule": [],
            "logging": [],
            "object_lock_configuration": [],
            "object_lock_enabled": false,
            "policy": "",
            "region": "ap-south-1",
            "replication_configuration": [],
            "request_payer": "BucketOwner",
            "server_side_encryption_configuration": [
              {
                "rule": [
                  {
                    "apply_server_side_encryption_by_default": [
                      {
                        "kms_master_key_id": "",
                        "sse_algorithm": "AES256"
                      }
                    ],
                    "bucket_key_enabled": false
                  }
                ]
              }
            ],
            "tags": {},
            "tags_all": {},
            "timeouts": null,
            "versioning": [
              {
                "enabled": false,
                "mfa_delete": false
              }
            ],
            "website": [],
            "website_domain": null,
            "website_endpoint": null
          },
          "sensitive_attributes": [],
          "private": "eyJlMmJmYjczMC1lY2FhLTExZTYtOGY4OC0zNDM2M2JjN2M0YzAiOnsiY3JlYXRlIjoxMjAwMDAwMDAwMDAwLCJkZWxldGUiOjM2MDAwMDAwMDAwMDAsInJlYWQiOjEyMDAwMDAwMDAwMDAsInVwZGF0ZSI6MTIwMDAwMDAwMDAwMH19",
          "dependencies": [
            "random_id.bucket"
          ]
        }
      ]
    },
    {
      "mode": "managed",
      "type": "random_id",
      "name": "bucket",
      "provider": "provider[\"registry.terraform.io/hashicorp/random\"]",
      "instances": [
        {
          "schema_version": 0,
          "attributes": {
            "b64_std": "ZehLbw==",
            "b64_url": "ZehLbw",
            "byte_length": 4,
            "dec": "1709722479",
            "hex": "65e84b6f",
            "id": "ZehLbw",
            "keepers": null,
            "prefix": null
          },
          "sensitive_attributes": []
        }
      ]
    }
  ],
  "check_results": null
}
